
Microsoft Visual Studio Solution File, Format Version 12.00
# Visual Studio Version 16
VisualStudioVersion = 16.0.32428.217
MinimumVisualStudioVersion = 10.0.40219.1
Project("{FAE04EC0-301F-11D3-BF4B-00C04F79EFBC}") = "CofeeMachine", "CofeeMachine\CofeeMachine.csproj", "{BF73367C-E2BB-4AF9-B028-EF55D7A666D1}"
EndProject
Global
	GlobalSection(SolutionConfigurationPlatforms) = preSolution
		Debug|Any CPU = Debug|Any CPU
		Release|Any CPU = Release|Any CPU
	EndGlobalSection
	GlobalSection(ProjectConfigurationPlatforms) = postSolution
		{BF73367C-E2BB-4AF9-B028-EF55D7A666D1}.Debug|Any CPU.ActiveCfg = Debug|Any CPU
		{BF73367C-E2BB-4AF9-B028-EF55D7A666D1}.Debug|Any CPU.Build.0 = Debug|Any CPU
		{BF73367C-E2BB-4AF9-B028-EF55D7A666D1}.Release|Any CPU.ActiveCfg = Release|Any CPU
		{BF73367C-E2BB-4AF9-B028-EF55D7A666D1}.Release|Any CPU.Build.0 = Release|Any CPU
	EndGlobalSection
	GlobalSection(SolutionProperties) = preSolution
		HideSolutionNode = FALSE
	EndGlobalSection
	GlobalSection(ExtensibilityGlobals) = postSolution
		SolutionGuid = {616A0E6F-4CE4-4233-B697-31BBF5B03FE9}
	EndGlobalSection
EndGlobal
